
Microsoft Visual Studio Solution File, Format Version 12.00
# Visual Studio Version 16
VisualStudioVersion = 16.0.32228.343
MinimumVisualStudioVersion = 10.0.40219.1
Project("{FAE04EC0-301F-11D3-BF4B-00C04F79EFBC}") = "strings and integers", "strings and integers\strings and integers.csproj", "{0367E377-4868-4377-A92A-4859B1B1D21B}"
EndProject
Global
	GlobalSection(SolutionConfigurationPlatforms) = preSolution
		Debug|Any CPU = Debug|Any CPU
		Release|Any CPU = Release|Any CPU
	EndGlobalSection
	GlobalSection(ProjectConfigurationPlatforms) = postSolution
		{0367E377-4868-4377-A92A-4859B1B1D21B}.Debug|Any CPU.ActiveCfg = Debug|Any CPU
		{0367E377-4868-4377-A92A-4859B1B1D21B}.Debug|Any CPU.Build.0 = Debug|Any CPU
		{0367E377-4868-4377-A92A-4859B1B1D21B}.Release|Any CPU.ActiveCfg = Release|Any CPU
		{0367E377-4868-4377-A92A-4859B1B1D21B}.Release|Any CPU.Build.0 = Release|Any CPU
	EndGlobalSection
	GlobalSection(SolutionProperties) = preSolution
		HideSolutionNode = FALSE
	EndGlobalSection
	GlobalSection(ExtensibilityGlobals) = postSolution
		SolutionGuid = {2E631ABC-A49A-4AB5-9AB3-A77DB5C573C4}
	EndGlobalSection
EndGlobal
