
Microsoft Visual Studio Solution File, Format Version 12.00
# Visual Studio Version 16
VisualStudioVersion = 16.0.32228.343
MinimumVisualStudioVersion = 10.0.40219.1
Project("{FAE04EC0-301F-11D3-BF4B-00C04F79EFBC}") = "VoidMethod", "VoidMethod\VoidMethod.csproj", "{9D3866E9-78E2-4524-AB7A-F749DA47D912}"
EndProject
Global
	GlobalSection(SolutionConfigurationPlatforms) = preSolution
		Debug|Any CPU = Debug|Any CPU
		Release|Any CPU = Release|Any CPU
	EndGlobalSection
	GlobalSection(ProjectConfigurationPlatforms) = postSolution
		{9D3866E9-78E2-4524-AB7A-F749DA47D912}.Debug|Any CPU.ActiveCfg = Debug|Any CPU
		{9D3866E9-78E2-4524-AB7A-F749DA47D912}.Debug|Any CPU.Build.0 = Debug|Any CPU
		{9D3866E9-78E2-4524-AB7A-F749DA47D912}.Release|Any CPU.ActiveCfg = Release|Any CPU
		{9D3866E9-78E2-4524-AB7A-F749DA47D912}.Release|Any CPU.Build.0 = Release|Any CPU
	EndGlobalSection
	GlobalSection(SolutionProperties) = preSolution
		HideSolutionNode = FALSE
	EndGlobalSection
	GlobalSection(ExtensibilityGlobals) = postSolution
		SolutionGuid = {A28FB5BF-86EA-4AD8-91A5-94AAFF2D32A5}
	EndGlobalSection
EndGlobal
