
Microsoft Visual Studio Solution File, Format Version 12.00
# Visual Studio Version 16
VisualStudioVersion = 16.0.32228.343
MinimumVisualStudioVersion = 10.0.40219.1
Project("{FAE04EC0-301F-11D3-BF4B-00C04F79EFBC}") = "Void_Overload", "Void_Overload\Void_Overload.csproj", "{264E0881-2DDF-4261-A4C6-F2821D9F3E7F}"
EndProject
Global
	GlobalSection(SolutionConfigurationPlatforms) = preSolution
		Debug|Any CPU = Debug|Any CPU
		Release|Any CPU = Release|Any CPU
	EndGlobalSection
	GlobalSection(ProjectConfigurationPlatforms) = postSolution
		{264E0881-2DDF-4261-A4C6-F2821D9F3E7F}.Debug|Any CPU.ActiveCfg = Debug|Any CPU
		{264E0881-2DDF-4261-A4C6-F2821D9F3E7F}.Debug|Any CPU.Build.0 = Debug|Any CPU
		{264E0881-2DDF-4261-A4C6-F2821D9F3E7F}.Release|Any CPU.ActiveCfg = Release|Any CPU
		{264E0881-2DDF-4261-A4C6-F2821D9F3E7F}.Release|Any CPU.Build.0 = Release|Any CPU
	EndGlobalSection
	GlobalSection(SolutionProperties) = preSolution
		HideSolutionNode = FALSE
	EndGlobalSection
	GlobalSection(ExtensibilityGlobals) = postSolution
		SolutionGuid = {431C38B6-489F-4CB4-98DA-B7048ED1C3A3}
	EndGlobalSection
EndGlobal
