
Microsoft Visual Studio Solution File, Format Version 12.00
# Visual Studio Version 16
VisualStudioVersion = 16.0.32228.343
MinimumVisualStudioVersion = 10.0.40219.1
Project("{FAE04EC0-301F-11D3-BF4B-00C04F79EFBC}") = "Insurance", "Insurance\Insurance.csproj", "{91C143BC-AFDA-4867-8F84-35AB5B5723EB}"
EndProject
Global
	GlobalSection(SolutionConfigurationPlatforms) = preSolution
		Debug|Any CPU = Debug|Any CPU
		Release|Any CPU = Release|Any CPU
	EndGlobalSection
	GlobalSection(ProjectConfigurationPlatforms) = postSolution
		{91C143BC-AFDA-4867-8F84-35AB5B5723EB}.Debug|Any CPU.ActiveCfg = Debug|Any CPU
		{91C143BC-AFDA-4867-8F84-35AB5B5723EB}.Debug|Any CPU.Build.0 = Debug|Any CPU
		{91C143BC-AFDA-4867-8F84-35AB5B5723EB}.Release|Any CPU.ActiveCfg = Release|Any CPU
		{91C143BC-AFDA-4867-8F84-35AB5B5723EB}.Release|Any CPU.Build.0 = Release|Any CPU
	EndGlobalSection
	GlobalSection(SolutionProperties) = preSolution
		HideSolutionNode = FALSE
	EndGlobalSection
	GlobalSection(ExtensibilityGlobals) = postSolution
		SolutionGuid = {503FFCB9-B1D7-482F-8D8E-93FFBC9CF8C9}
	EndGlobalSection
EndGlobal
